
Microsoft Visual Studio Solution File, Format Version 12.00
# Visual Studio Version 16
VisualStudioVersion = 25.0.1703.2
MinimumVisualStudioVersion = 10.0.40219.1
Project("{FAE04EC0-301F-11D3-BF4B-00C04F79EFBC}") = "Bool", "Bool\Bool.csproj", "{4FA2803E-8134-4E71-BE06-D34B90A0349C}"
EndProject
Global
	GlobalSection(SolutionConfigurationPlatforms) = preSolution
		Debug|Any CPU = Debug|Any CPU
		Release|Any CPU = Release|Any CPU
	EndGlobalSection
	GlobalSection(ProjectConfigurationPlatforms) = postSolution
		{4FA2803E-8134-4E71-BE06-D34B90A0349C}.Debug|Any CPU.ActiveCfg = Debug|Any CPU
		{4FA2803E-8134-4E71-BE06-D34B90A0349C}.Debug|Any CPU.Build.0 = Debug|Any CPU
		{4FA2803E-8134-4E71-BE06-D34B90A0349C}.Release|Any CPU.ActiveCfg = Release|Any CPU
		{4FA2803E-8134-4E71-BE06-D34B90A0349C}.Release|Any CPU.Build.0 = Release|Any CPU
	EndGlobalSection
	GlobalSection(SolutionProperties) = preSolution
		HideSolutionNode = FALSE
	EndGlobalSection
	GlobalSection(ExtensibilityGlobals) = postSolution
		SolutionGuid = {604D6284-E78F-4FE7-AF62-405BCEEC649B}
	EndGlobalSection
EndGlobal
