
Microsoft Visual Studio Solution File, Format Version 12.00
# Visual Studio Version 16
VisualStudioVersion = 25.0.1703.4
MinimumVisualStudioVersion = 10.0.40219.1
Project("{FAE04EC0-301F-11D3-BF4B-00C04F79EFBC}") = "DefaultImplementation", "DefaultImplementation\DefaultImplementation.csproj", "{127332FA-4B9A-437D-ABD5-91240E4AF277}"
EndProject
Global
	GlobalSection(SolutionConfigurationPlatforms) = preSolution
		Debug|Any CPU = Debug|Any CPU
		Release|Any CPU = Release|Any CPU
	EndGlobalSection
	GlobalSection(ProjectConfigurationPlatforms) = postSolution
		{127332FA-4B9A-437D-ABD5-91240E4AF277}.Debug|Any CPU.ActiveCfg = Debug|Any CPU
		{127332FA-4B9A-437D-ABD5-91240E4AF277}.Debug|Any CPU.Build.0 = Debug|Any CPU
		{127332FA-4B9A-437D-ABD5-91240E4AF277}.Release|Any CPU.ActiveCfg = Release|Any CPU
		{127332FA-4B9A-437D-ABD5-91240E4AF277}.Release|Any CPU.Build.0 = Release|Any CPU
	EndGlobalSection
	GlobalSection(SolutionProperties) = preSolution
		HideSolutionNode = FALSE
	EndGlobalSection
	GlobalSection(ExtensibilityGlobals) = postSolution
		SolutionGuid = {14510E4B-20D8-4DD1-B46F-54E5D6771460}
	EndGlobalSection
EndGlobal
