
Microsoft Visual Studio Solution File, Format Version 12.00
# Visual Studio Version 16
VisualStudioVersion = 25.0.1703.3
MinimumVisualStudioVersion = 10.0.40219.1
Project("{FAE04EC0-301F-11D3-BF4B-00C04F79EFBC}") = "Ex6_1", "Ex6_1\Ex6_1.csproj", "{F5E52585-92E2-4A75-9F7B-B7120A9A4C0A}"
EndProject
Global
	GlobalSection(SolutionConfigurationPlatforms) = preSolution
		Debug|Any CPU = Debug|Any CPU
		Release|Any CPU = Release|Any CPU
	EndGlobalSection
	GlobalSection(ProjectConfigurationPlatforms) = postSolution
		{F5E52585-92E2-4A75-9F7B-B7120A9A4C0A}.Debug|Any CPU.ActiveCfg = Debug|Any CPU
		{F5E52585-92E2-4A75-9F7B-B7120A9A4C0A}.Debug|Any CPU.Build.0 = Debug|Any CPU
		{F5E52585-92E2-4A75-9F7B-B7120A9A4C0A}.Release|Any CPU.ActiveCfg = Release|Any CPU
		{F5E52585-92E2-4A75-9F7B-B7120A9A4C0A}.Release|Any CPU.Build.0 = Release|Any CPU
	EndGlobalSection
	GlobalSection(SolutionProperties) = preSolution
		HideSolutionNode = FALSE
	EndGlobalSection
	GlobalSection(ExtensibilityGlobals) = postSolution
		SolutionGuid = {3731635A-E356-4B13-9D96-7E9AA4F9BEA9}
	EndGlobalSection
EndGlobal
