
Microsoft Visual Studio Solution File, Format Version 12.00
# Visual Studio Version 16
VisualStudioVersion = 25.0.1703.3
MinimumVisualStudioVersion = 10.0.40219.1
Project("{FAE04EC0-301F-11D3-BF4B-00C04F79EFBC}") = "IfIf", "IfIf\IfIf.csproj", "{190F833B-A8F6-46B4-BE73-0E30F812215C}"
EndProject
Global
	GlobalSection(SolutionConfigurationPlatforms) = preSolution
		Debug|Any CPU = Debug|Any CPU
		Release|Any CPU = Release|Any CPU
	EndGlobalSection
	GlobalSection(ProjectConfigurationPlatforms) = postSolution
		{190F833B-A8F6-46B4-BE73-0E30F812215C}.Debug|Any CPU.ActiveCfg = Debug|Any CPU
		{190F833B-A8F6-46B4-BE73-0E30F812215C}.Debug|Any CPU.Build.0 = Debug|Any CPU
		{190F833B-A8F6-46B4-BE73-0E30F812215C}.Release|Any CPU.ActiveCfg = Release|Any CPU
		{190F833B-A8F6-46B4-BE73-0E30F812215C}.Release|Any CPU.Build.0 = Release|Any CPU
	EndGlobalSection
	GlobalSection(SolutionProperties) = preSolution
		HideSolutionNode = FALSE
	EndGlobalSection
	GlobalSection(ExtensibilityGlobals) = postSolution
		SolutionGuid = {3BF201EE-D15D-43A0-A6D9-16C6383E759D}
	EndGlobalSection
EndGlobal
