
Microsoft Visual Studio Solution File, Format Version 12.00
# Visual Studio Version 16
VisualStudioVersion = 25.0.1703.2
MinimumVisualStudioVersion = 10.0.40219.1
Project("{FAE04EC0-301F-11D3-BF4B-00C04F79EFBC}") = "StringFormatBasic", "StringFormatBasic\StringFormatBasic.csproj", "{606B9D1E-DACA-40F0-B309-881F6D305CE4}"
EndProject
Global
	GlobalSection(SolutionConfigurationPlatforms) = preSolution
		Debug|Any CPU = Debug|Any CPU
		Release|Any CPU = Release|Any CPU
	EndGlobalSection
	GlobalSection(ProjectConfigurationPlatforms) = postSolution
		{606B9D1E-DACA-40F0-B309-881F6D305CE4}.Debug|Any CPU.ActiveCfg = Debug|Any CPU
		{606B9D1E-DACA-40F0-B309-881F6D305CE4}.Debug|Any CPU.Build.0 = Debug|Any CPU
		{606B9D1E-DACA-40F0-B309-881F6D305CE4}.Release|Any CPU.ActiveCfg = Release|Any CPU
		{606B9D1E-DACA-40F0-B309-881F6D305CE4}.Release|Any CPU.Build.0 = Release|Any CPU
	EndGlobalSection
	GlobalSection(SolutionProperties) = preSolution
		HideSolutionNode = FALSE
	EndGlobalSection
	GlobalSection(ExtensibilityGlobals) = postSolution
		SolutionGuid = {60E33F3A-37BA-4D66-A2A6-9FD7ABC9086A}
	EndGlobalSection
EndGlobal
