
Microsoft Visual Studio Solution File, Format Version 12.00
# Visual Studio Version 16
VisualStudioVersion = 25.0.1703.2
MinimumVisualStudioVersion = 10.0.40219.1
Project("{FAE04EC0-301F-11D3-BF4B-00C04F79EFBC}") = "Overflow", "Overflow\Overflow.csproj", "{99F2F3FE-6520-4699-BF57-700EEFD0CB78}"
EndProject
Global
	GlobalSection(SolutionConfigurationPlatforms) = preSolution
		Debug|Any CPU = Debug|Any CPU
		Release|Any CPU = Release|Any CPU
	EndGlobalSection
	GlobalSection(ProjectConfigurationPlatforms) = postSolution
		{99F2F3FE-6520-4699-BF57-700EEFD0CB78}.Debug|Any CPU.ActiveCfg = Debug|Any CPU
		{99F2F3FE-6520-4699-BF57-700EEFD0CB78}.Debug|Any CPU.Build.0 = Debug|Any CPU
		{99F2F3FE-6520-4699-BF57-700EEFD0CB78}.Release|Any CPU.ActiveCfg = Release|Any CPU
		{99F2F3FE-6520-4699-BF57-700EEFD0CB78}.Release|Any CPU.Build.0 = Release|Any CPU
	EndGlobalSection
	GlobalSection(SolutionProperties) = preSolution
		HideSolutionNode = FALSE
	EndGlobalSection
	GlobalSection(ExtensibilityGlobals) = postSolution
		SolutionGuid = {26CAEEEE-D1D3-45EB-B102-537C2C0CEA33}
	EndGlobalSection
EndGlobal
