
Microsoft Visual Studio Solution File, Format Version 12.00
# Visual Studio Version 16
VisualStudioVersion = 25.0.1703.3
MinimumVisualStudioVersion = 10.0.40219.1
Project("{FAE04EC0-301F-11D3-BF4B-00C04F79EFBC}") = "Return", "Return\Return.csproj", "{ED193709-0B14-40EC-9D9E-F434D78BCAE5}"
EndProject
Global
	GlobalSection(SolutionConfigurationPlatforms) = preSolution
		Debug|Any CPU = Debug|Any CPU
		Release|Any CPU = Release|Any CPU
	EndGlobalSection
	GlobalSection(ProjectConfigurationPlatforms) = postSolution
		{ED193709-0B14-40EC-9D9E-F434D78BCAE5}.Debug|Any CPU.ActiveCfg = Debug|Any CPU
		{ED193709-0B14-40EC-9D9E-F434D78BCAE5}.Debug|Any CPU.Build.0 = Debug|Any CPU
		{ED193709-0B14-40EC-9D9E-F434D78BCAE5}.Release|Any CPU.ActiveCfg = Release|Any CPU
		{ED193709-0B14-40EC-9D9E-F434D78BCAE5}.Release|Any CPU.Build.0 = Release|Any CPU
	EndGlobalSection
	GlobalSection(SolutionProperties) = preSolution
		HideSolutionNode = FALSE
	EndGlobalSection
	GlobalSection(ExtensibilityGlobals) = postSolution
		SolutionGuid = {927218F7-66D4-4852-BA3D-6CC33936BE37}
	EndGlobalSection
EndGlobal
