
Microsoft Visual Studio Solution File, Format Version 12.00
# Visual Studio Version 16
VisualStudioVersion = 25.0.1703.2
MinimumVisualStudioVersion = 10.0.40219.1
Project("{FAE04EC0-301F-11D3-BF4B-00C04F79EFBC}") = "IntegerLiterals", "IntegerLiterals\IntegerLiterals.csproj", "{95F8C822-AF3B-4EE7-BBE0-304FC52C7553}"
EndProject
Global
	GlobalSection(SolutionConfigurationPlatforms) = preSolution
		Debug|Any CPU = Debug|Any CPU
		Release|Any CPU = Release|Any CPU
	EndGlobalSection
	GlobalSection(ProjectConfigurationPlatforms) = postSolution
		{95F8C822-AF3B-4EE7-BBE0-304FC52C7553}.Debug|Any CPU.ActiveCfg = Debug|Any CPU
		{95F8C822-AF3B-4EE7-BBE0-304FC52C7553}.Debug|Any CPU.Build.0 = Debug|Any CPU
		{95F8C822-AF3B-4EE7-BBE0-304FC52C7553}.Release|Any CPU.ActiveCfg = Release|Any CPU
		{95F8C822-AF3B-4EE7-BBE0-304FC52C7553}.Release|Any CPU.Build.0 = Release|Any CPU
	EndGlobalSection
	GlobalSection(SolutionProperties) = preSolution
		HideSolutionNode = FALSE
	EndGlobalSection
	GlobalSection(ExtensibilityGlobals) = postSolution
		SolutionGuid = {DAF7143F-E10B-4D2C-8884-EA32A855F0D1}
	EndGlobalSection
EndGlobal
