
Microsoft Visual Studio Solution File, Format Version 12.00
# Visual Studio Version 16
VisualStudioVersion = 25.0.1703.2
MinimumVisualStudioVersion = 10.0.40219.1
Project("{FAE04EC0-301F-11D3-BF4B-00C04F79EFBC}") = "Object", "Object\Object.csproj", "{0F4910CE-D05C-4495-A17B-5DCE7F8DAAD7}"
EndProject
Global
	GlobalSection(SolutionConfigurationPlatforms) = preSolution
		Debug|Any CPU = Debug|Any CPU
		Release|Any CPU = Release|Any CPU
	EndGlobalSection
	GlobalSection(ProjectConfigurationPlatforms) = postSolution
		{0F4910CE-D05C-4495-A17B-5DCE7F8DAAD7}.Debug|Any CPU.ActiveCfg = Debug|Any CPU
		{0F4910CE-D05C-4495-A17B-5DCE7F8DAAD7}.Debug|Any CPU.Build.0 = Debug|Any CPU
		{0F4910CE-D05C-4495-A17B-5DCE7F8DAAD7}.Release|Any CPU.ActiveCfg = Release|Any CPU
		{0F4910CE-D05C-4495-A17B-5DCE7F8DAAD7}.Release|Any CPU.Build.0 = Release|Any CPU
	EndGlobalSection
	GlobalSection(SolutionProperties) = preSolution
		HideSolutionNode = FALSE
	EndGlobalSection
	GlobalSection(ExtensibilityGlobals) = postSolution
		SolutionGuid = {111E446C-C134-4804-8734-2FDBA38A005D}
	EndGlobalSection
EndGlobal
