
Microsoft Visual Studio Solution File, Format Version 12.00
# Visual Studio Version 16
VisualStudioVersion = 25.0.1703.3
MinimumVisualStudioVersion = 10.0.40219.1
Project("{FAE04EC0-301F-11D3-BF4B-00C04F79EFBC}") = "LogicalOperator", "LogicalOperator\LogicalOperator.csproj", "{14918823-85ED-4263-894D-73506422C555}"
EndProject
Global
	GlobalSection(SolutionConfigurationPlatforms) = preSolution
		Debug|Any CPU = Debug|Any CPU
		Release|Any CPU = Release|Any CPU
	EndGlobalSection
	GlobalSection(ProjectConfigurationPlatforms) = postSolution
		{14918823-85ED-4263-894D-73506422C555}.Debug|Any CPU.ActiveCfg = Debug|Any CPU
		{14918823-85ED-4263-894D-73506422C555}.Debug|Any CPU.Build.0 = Debug|Any CPU
		{14918823-85ED-4263-894D-73506422C555}.Release|Any CPU.ActiveCfg = Release|Any CPU
		{14918823-85ED-4263-894D-73506422C555}.Release|Any CPU.Build.0 = Release|Any CPU
	EndGlobalSection
	GlobalSection(SolutionProperties) = preSolution
		HideSolutionNode = FALSE
	EndGlobalSection
	GlobalSection(ExtensibilityGlobals) = postSolution
		SolutionGuid = {DD228266-4D7E-413D-95F4-FD3B2AC9CFDA}
	EndGlobalSection
EndGlobal
