
Microsoft Visual Studio Solution File, Format Version 12.00
# Visual Studio Version 17
VisualStudioVersion = 17.3.32929.385
MinimumVisualStudioVersion = 10.0.40219.1
Project("{FAE04EC0-301F-11D3-BF4B-00C04F79EFBC}") = "WithExp", "WithExp\WithExp.csproj", "{166F3DC5-FF3C-4E35-AD92-D4256C271685}"
EndProject
Global
	GlobalSection(SolutionConfigurationPlatforms) = preSolution
		Debug|Any CPU = Debug|Any CPU
		Release|Any CPU = Release|Any CPU
	EndGlobalSection
	GlobalSection(ProjectConfigurationPlatforms) = postSolution
		{166F3DC5-FF3C-4E35-AD92-D4256C271685}.Debug|Any CPU.ActiveCfg = Debug|Any CPU
		{166F3DC5-FF3C-4E35-AD92-D4256C271685}.Debug|Any CPU.Build.0 = Debug|Any CPU
		{166F3DC5-FF3C-4E35-AD92-D4256C271685}.Release|Any CPU.ActiveCfg = Release|Any CPU
		{166F3DC5-FF3C-4E35-AD92-D4256C271685}.Release|Any CPU.Build.0 = Release|Any CPU
	EndGlobalSection
	GlobalSection(SolutionProperties) = preSolution
		HideSolutionNode = FALSE
	EndGlobalSection
	GlobalSection(ExtensibilityGlobals) = postSolution
		SolutionGuid = {C5CB7C89-0F5F-4817-90B9-A4FD608F4D79}
	EndGlobalSection
EndGlobal
