
Microsoft Visual Studio Solution File, Format Version 12.00
# Visual Studio Version 16
VisualStudioVersion = 25.0.1703.2
MinimumVisualStudioVersion = 10.0.40219.1
Project("{FAE04EC0-301F-11D3-BF4B-00C04F79EFBC}") = "String", "String\String.csproj", "{5D9C8F9F-3497-4C9A-982E-F4C671E664E9}"
EndProject
Global
	GlobalSection(SolutionConfigurationPlatforms) = preSolution
		Debug|Any CPU = Debug|Any CPU
		Release|Any CPU = Release|Any CPU
	EndGlobalSection
	GlobalSection(ProjectConfigurationPlatforms) = postSolution
		{5D9C8F9F-3497-4C9A-982E-F4C671E664E9}.Debug|Any CPU.ActiveCfg = Debug|Any CPU
		{5D9C8F9F-3497-4C9A-982E-F4C671E664E9}.Debug|Any CPU.Build.0 = Debug|Any CPU
		{5D9C8F9F-3497-4C9A-982E-F4C671E664E9}.Release|Any CPU.ActiveCfg = Release|Any CPU
		{5D9C8F9F-3497-4C9A-982E-F4C671E664E9}.Release|Any CPU.Build.0 = Release|Any CPU
	EndGlobalSection
	GlobalSection(SolutionProperties) = preSolution
		HideSolutionNode = FALSE
	EndGlobalSection
	GlobalSection(ExtensibilityGlobals) = postSolution
		SolutionGuid = {A1D1DDDF-93A7-4502-A288-508C9206311A}
	EndGlobalSection
EndGlobal
