
Microsoft Visual Studio Solution File, Format Version 12.00
# Visual Studio Version 16
VisualStudioVersion = 25.0.1703.3
MinimumVisualStudioVersion = 10.0.40219.1
Project("{FAE04EC0-301F-11D3-BF4B-00C04F79EFBC}") = "IncDecOperator", "IncDecOperator\IncDecOperator.csproj", "{F6544D8F-E17B-4254-B104-EEFCDCE20FEB}"
EndProject
Global
	GlobalSection(SolutionConfigurationPlatforms) = preSolution
		Debug|Any CPU = Debug|Any CPU
		Release|Any CPU = Release|Any CPU
	EndGlobalSection
	GlobalSection(ProjectConfigurationPlatforms) = postSolution
		{F6544D8F-E17B-4254-B104-EEFCDCE20FEB}.Debug|Any CPU.ActiveCfg = Debug|Any CPU
		{F6544D8F-E17B-4254-B104-EEFCDCE20FEB}.Debug|Any CPU.Build.0 = Debug|Any CPU
		{F6544D8F-E17B-4254-B104-EEFCDCE20FEB}.Release|Any CPU.ActiveCfg = Release|Any CPU
		{F6544D8F-E17B-4254-B104-EEFCDCE20FEB}.Release|Any CPU.Build.0 = Release|Any CPU
	EndGlobalSection
	GlobalSection(SolutionProperties) = preSolution
		HideSolutionNode = FALSE
	EndGlobalSection
	GlobalSection(ExtensibilityGlobals) = postSolution
		SolutionGuid = {7F6BC13F-DA3F-4E0F-BBAE-ED0F74F6AB6B}
	EndGlobalSection
EndGlobal
