
Microsoft Visual Studio Solution File, Format Version 12.00
# Visual Studio Version 16
VisualStudioVersion = 25.0.1703.4
MinimumVisualStudioVersion = 10.0.40219.1
Project("{FAE04EC0-301F-11D3-BF4B-00C04F79EFBC}") = "Tuple", "Tuple\Tuple.csproj", "{B8EFD3EF-0DC3-43A2-B71D-2B0FC68AC510}"
EndProject
Global
	GlobalSection(SolutionConfigurationPlatforms) = preSolution
		Debug|Any CPU = Debug|Any CPU
		Release|Any CPU = Release|Any CPU
	EndGlobalSection
	GlobalSection(ProjectConfigurationPlatforms) = postSolution
		{B8EFD3EF-0DC3-43A2-B71D-2B0FC68AC510}.Debug|Any CPU.ActiveCfg = Debug|Any CPU
		{B8EFD3EF-0DC3-43A2-B71D-2B0FC68AC510}.Debug|Any CPU.Build.0 = Debug|Any CPU
		{B8EFD3EF-0DC3-43A2-B71D-2B0FC68AC510}.Release|Any CPU.ActiveCfg = Release|Any CPU
		{B8EFD3EF-0DC3-43A2-B71D-2B0FC68AC510}.Release|Any CPU.Build.0 = Release|Any CPU
	EndGlobalSection
	GlobalSection(SolutionProperties) = preSolution
		HideSolutionNode = FALSE
	EndGlobalSection
	GlobalSection(ExtensibilityGlobals) = postSolution
		SolutionGuid = {2EF65E03-9789-4054-AE72-318F980551EC}
	EndGlobalSection
EndGlobal
