
Microsoft Visual Studio Solution File, Format Version 12.00
# Visual Studio Version 16
VisualStudioVersion = 25.0.1703.3
MinimumVisualStudioVersion = 10.0.40219.1
Project("{FAE04EC0-301F-11D3-BF4B-00C04F79EFBC}") = "Break", "Break\Break.csproj", "{B27DCE00-CAC9-4130-8BFE-185BD7FE1362}"
EndProject
Global
	GlobalSection(SolutionConfigurationPlatforms) = preSolution
		Debug|Any CPU = Debug|Any CPU
		Release|Any CPU = Release|Any CPU
	EndGlobalSection
	GlobalSection(ProjectConfigurationPlatforms) = postSolution
		{B27DCE00-CAC9-4130-8BFE-185BD7FE1362}.Debug|Any CPU.ActiveCfg = Debug|Any CPU
		{B27DCE00-CAC9-4130-8BFE-185BD7FE1362}.Debug|Any CPU.Build.0 = Debug|Any CPU
		{B27DCE00-CAC9-4130-8BFE-185BD7FE1362}.Release|Any CPU.ActiveCfg = Release|Any CPU
		{B27DCE00-CAC9-4130-8BFE-185BD7FE1362}.Release|Any CPU.Build.0 = Release|Any CPU
	EndGlobalSection
	GlobalSection(SolutionProperties) = preSolution
		HideSolutionNode = FALSE
	EndGlobalSection
	GlobalSection(ExtensibilityGlobals) = postSolution
		SolutionGuid = {DAFBCDBC-59E6-4A3F-A09D-A36CBBA7BDC8}
	EndGlobalSection
EndGlobal
