
Microsoft Visual Studio Solution File, Format Version 12.00
# Visual Studio Version 16
VisualStudioVersion = 25.0.1703.3
MinimumVisualStudioVersion = 10.0.40219.1
Project("{FAE04EC0-301F-11D3-BF4B-00C04F79EFBC}") = "Constructor", "Constructor\Constructor.csproj", "{ABDF3AE0-ECB0-4062-AA53-617DD1225BB0}"
EndProject
Global
	GlobalSection(SolutionConfigurationPlatforms) = preSolution
		Debug|Any CPU = Debug|Any CPU
		Release|Any CPU = Release|Any CPU
	EndGlobalSection
	GlobalSection(ProjectConfigurationPlatforms) = postSolution
		{ABDF3AE0-ECB0-4062-AA53-617DD1225BB0}.Debug|Any CPU.ActiveCfg = Debug|Any CPU
		{ABDF3AE0-ECB0-4062-AA53-617DD1225BB0}.Debug|Any CPU.Build.0 = Debug|Any CPU
		{ABDF3AE0-ECB0-4062-AA53-617DD1225BB0}.Release|Any CPU.ActiveCfg = Release|Any CPU
		{ABDF3AE0-ECB0-4062-AA53-617DD1225BB0}.Release|Any CPU.Build.0 = Release|Any CPU
	EndGlobalSection
	GlobalSection(SolutionProperties) = preSolution
		HideSolutionNode = FALSE
	EndGlobalSection
	GlobalSection(ExtensibilityGlobals) = postSolution
		SolutionGuid = {228F8242-7915-4435-9C9B-1C1DD6AE04A2}
	EndGlobalSection
EndGlobal
