
Microsoft Visual Studio Solution File, Format Version 12.00
# Visual Studio Version 16
VisualStudioVersion = 25.0.1703.3
MinimumVisualStudioVersion = 10.0.40219.1
Project("{FAE04EC0-301F-11D3-BF4B-00C04F79EFBC}") = "SwapByValue", "SwapByValue\SwapByValue.csproj", "{73F07D69-2CAE-45A9-B256-D1D30EC44247}"
EndProject
Global
	GlobalSection(SolutionConfigurationPlatforms) = preSolution
		Debug|Any CPU = Debug|Any CPU
		Release|Any CPU = Release|Any CPU
	EndGlobalSection
	GlobalSection(ProjectConfigurationPlatforms) = postSolution
		{73F07D69-2CAE-45A9-B256-D1D30EC44247}.Debug|Any CPU.ActiveCfg = Debug|Any CPU
		{73F07D69-2CAE-45A9-B256-D1D30EC44247}.Debug|Any CPU.Build.0 = Debug|Any CPU
		{73F07D69-2CAE-45A9-B256-D1D30EC44247}.Release|Any CPU.ActiveCfg = Release|Any CPU
		{73F07D69-2CAE-45A9-B256-D1D30EC44247}.Release|Any CPU.Build.0 = Release|Any CPU
	EndGlobalSection
	GlobalSection(SolutionProperties) = preSolution
		HideSolutionNode = FALSE
	EndGlobalSection
	GlobalSection(ExtensibilityGlobals) = postSolution
		SolutionGuid = {DFCD93CB-C71D-469E-A95F-DA40769AAC3C}
	EndGlobalSection
EndGlobal
