
Microsoft Visual Studio Solution File, Format Version 12.00
# Visual Studio Version 16
VisualStudioVersion = 25.0.1703.3
MinimumVisualStudioVersion = 10.0.40219.1
Project("{FAE04EC0-301F-11D3-BF4B-00C04F79EFBC}") = "BasicClass", "BasicClass\BasicClass.csproj", "{0AC2F4FC-39CF-4D3C-B537-1216148B9C67}"
EndProject
Global
	GlobalSection(SolutionConfigurationPlatforms) = preSolution
		Debug|Any CPU = Debug|Any CPU
		Release|Any CPU = Release|Any CPU
	EndGlobalSection
	GlobalSection(ProjectConfigurationPlatforms) = postSolution
		{0AC2F4FC-39CF-4D3C-B537-1216148B9C67}.Debug|Any CPU.ActiveCfg = Debug|Any CPU
		{0AC2F4FC-39CF-4D3C-B537-1216148B9C67}.Debug|Any CPU.Build.0 = Debug|Any CPU
		{0AC2F4FC-39CF-4D3C-B537-1216148B9C67}.Release|Any CPU.ActiveCfg = Release|Any CPU
		{0AC2F4FC-39CF-4D3C-B537-1216148B9C67}.Release|Any CPU.Build.0 = Release|Any CPU
	EndGlobalSection
	GlobalSection(SolutionProperties) = preSolution
		HideSolutionNode = FALSE
	EndGlobalSection
	GlobalSection(ExtensibilityGlobals) = postSolution
		SolutionGuid = {7061DAA4-8CD5-4AB0-8218-A3E6078C633B}
	EndGlobalSection
EndGlobal
