
Microsoft Visual Studio Solution File, Format Version 12.00
# Visual Studio Version 16
VisualStudioVersion = 25.0.1703.3
MinimumVisualStudioVersion = 10.0.40219.1
Project("{FAE04EC0-301F-11D3-BF4B-00C04F79EFBC}") = "Overriding", "Overriding\Overriding.csproj", "{42DBEF8D-2B44-4A68-B291-594991A74F69}"
EndProject
Global
	GlobalSection(SolutionConfigurationPlatforms) = preSolution
		Debug|Any CPU = Debug|Any CPU
		Release|Any CPU = Release|Any CPU
	EndGlobalSection
	GlobalSection(ProjectConfigurationPlatforms) = postSolution
		{42DBEF8D-2B44-4A68-B291-594991A74F69}.Debug|Any CPU.ActiveCfg = Debug|Any CPU
		{42DBEF8D-2B44-4A68-B291-594991A74F69}.Debug|Any CPU.Build.0 = Debug|Any CPU
		{42DBEF8D-2B44-4A68-B291-594991A74F69}.Release|Any CPU.ActiveCfg = Release|Any CPU
		{42DBEF8D-2B44-4A68-B291-594991A74F69}.Release|Any CPU.Build.0 = Release|Any CPU
	EndGlobalSection
	GlobalSection(SolutionProperties) = preSolution
		HideSolutionNode = FALSE
	EndGlobalSection
	GlobalSection(ExtensibilityGlobals) = postSolution
		SolutionGuid = {EA48A8CD-B69B-4ADB-892D-872840C4916E}
	EndGlobalSection
EndGlobal
