
Microsoft Visual Studio Solution File, Format Version 12.00
# Visual Studio Version 16
VisualStudioVersion = 25.0.1703.3
MinimumVisualStudioVersion = 10.0.40219.1
Project("{FAE04EC0-301F-11D3-BF4B-00C04F79EFBC}") = "AccessModifier", "AccessModifier\AccessModifier.csproj", "{1D0B2787-FD85-4980-ABA6-4F918AAC3AAA}"
EndProject
Global
	GlobalSection(SolutionConfigurationPlatforms) = preSolution
		Debug|Any CPU = Debug|Any CPU
		Release|Any CPU = Release|Any CPU
	EndGlobalSection
	GlobalSection(ProjectConfigurationPlatforms) = postSolution
		{1D0B2787-FD85-4980-ABA6-4F918AAC3AAA}.Debug|Any CPU.ActiveCfg = Debug|Any CPU
		{1D0B2787-FD85-4980-ABA6-4F918AAC3AAA}.Debug|Any CPU.Build.0 = Debug|Any CPU
		{1D0B2787-FD85-4980-ABA6-4F918AAC3AAA}.Release|Any CPU.ActiveCfg = Release|Any CPU
		{1D0B2787-FD85-4980-ABA6-4F918AAC3AAA}.Release|Any CPU.Build.0 = Release|Any CPU
	EndGlobalSection
	GlobalSection(SolutionProperties) = preSolution
		HideSolutionNode = FALSE
	EndGlobalSection
	GlobalSection(ExtensibilityGlobals) = postSolution
		SolutionGuid = {B7D30686-687C-4B31-B7BD-7F1157C8F480}
	EndGlobalSection
EndGlobal
