
Microsoft Visual Studio Solution File, Format Version 12.00
# Visual Studio Version 16
VisualStudioVersion = 25.0.1703.4
MinimumVisualStudioVersion = 10.0.40219.1
Project("{FAE04EC0-301F-11D3-BF4B-00C04F79EFBC}") = "InitOnly", "InitOnly\InitOnly.csproj", "{A775C8C4-275B-4D6E-9497-EC7EC45561F8}"
EndProject
Global
	GlobalSection(SolutionConfigurationPlatforms) = preSolution
		Debug|Any CPU = Debug|Any CPU
		Release|Any CPU = Release|Any CPU
	EndGlobalSection
	GlobalSection(ProjectConfigurationPlatforms) = postSolution
		{A775C8C4-275B-4D6E-9497-EC7EC45561F8}.Debug|Any CPU.ActiveCfg = Debug|Any CPU
		{A775C8C4-275B-4D6E-9497-EC7EC45561F8}.Debug|Any CPU.Build.0 = Debug|Any CPU
		{A775C8C4-275B-4D6E-9497-EC7EC45561F8}.Release|Any CPU.ActiveCfg = Release|Any CPU
		{A775C8C4-275B-4D6E-9497-EC7EC45561F8}.Release|Any CPU.Build.0 = Release|Any CPU
	EndGlobalSection
	GlobalSection(SolutionProperties) = preSolution
		HideSolutionNode = FALSE
	EndGlobalSection
	GlobalSection(ExtensibilityGlobals) = postSolution
		SolutionGuid = {74BC0288-35C2-42F3-8B06-D33F14D7C565}
	EndGlobalSection
EndGlobal
