
Microsoft Visual Studio Solution File, Format Version 12.00
# Visual Studio Version 16
VisualStudioVersion = 25.0.1703.2
MinimumVisualStudioVersion = 10.0.40219.1
Project("{FAE04EC0-301F-11D3-BF4B-00C04F79EFBC}") = "FloatConversion", "FloatConversion\FloatConversion.csproj", "{606E0ED8-B6DF-4D47-AC26-774A35AD0B7D}"
EndProject
Global
	GlobalSection(SolutionConfigurationPlatforms) = preSolution
		Debug|Any CPU = Debug|Any CPU
		Release|Any CPU = Release|Any CPU
	EndGlobalSection
	GlobalSection(ProjectConfigurationPlatforms) = postSolution
		{606E0ED8-B6DF-4D47-AC26-774A35AD0B7D}.Debug|Any CPU.ActiveCfg = Debug|Any CPU
		{606E0ED8-B6DF-4D47-AC26-774A35AD0B7D}.Debug|Any CPU.Build.0 = Debug|Any CPU
		{606E0ED8-B6DF-4D47-AC26-774A35AD0B7D}.Release|Any CPU.ActiveCfg = Release|Any CPU
		{606E0ED8-B6DF-4D47-AC26-774A35AD0B7D}.Release|Any CPU.Build.0 = Release|Any CPU
	EndGlobalSection
	GlobalSection(SolutionProperties) = preSolution
		HideSolutionNode = FALSE
	EndGlobalSection
	GlobalSection(ExtensibilityGlobals) = postSolution
		SolutionGuid = {E3FF4AC3-39E8-436B-ABB8-884DD12AF34B}
	EndGlobalSection
EndGlobal
