
Microsoft Visual Studio Solution File, Format Version 12.00
# Visual Studio Version 16
VisualStudioVersion = 25.0.1703.4
MinimumVisualStudioVersion = 10.0.40219.1
Project("{FAE04EC0-301F-11D3-BF4B-00C04F79EFBC}") = "Property", "Property\Property.csproj", "{AE704609-D9C6-4F4C-901E-F1D7C795E8C5}"
EndProject
Global
	GlobalSection(SolutionConfigurationPlatforms) = preSolution
		Debug|Any CPU = Debug|Any CPU
		Release|Any CPU = Release|Any CPU
	EndGlobalSection
	GlobalSection(ProjectConfigurationPlatforms) = postSolution
		{AE704609-D9C6-4F4C-901E-F1D7C795E8C5}.Debug|Any CPU.ActiveCfg = Debug|Any CPU
		{AE704609-D9C6-4F4C-901E-F1D7C795E8C5}.Debug|Any CPU.Build.0 = Debug|Any CPU
		{AE704609-D9C6-4F4C-901E-F1D7C795E8C5}.Release|Any CPU.ActiveCfg = Release|Any CPU
		{AE704609-D9C6-4F4C-901E-F1D7C795E8C5}.Release|Any CPU.Build.0 = Release|Any CPU
	EndGlobalSection
	GlobalSection(SolutionProperties) = preSolution
		HideSolutionNode = FALSE
	EndGlobalSection
	GlobalSection(ExtensibilityGlobals) = postSolution
		SolutionGuid = {544B765D-BB4A-446E-A638-BD64D641207D}
	EndGlobalSection
EndGlobal
