
Microsoft Visual Studio Solution File, Format Version 12.00
# Visual Studio Version 16
VisualStudioVersion = 25.0.1703.4
MinimumVisualStudioVersion = 10.0.40219.1
Project("{FAE04EC0-301F-11D3-BF4B-00C04F79EFBC}") = "PartialClass", "PartialClass\PartialClass.csproj", "{31169FA0-0F0C-492E-88F3-ABFC74760571}"
EndProject
Global
	GlobalSection(SolutionConfigurationPlatforms) = preSolution
		Debug|Any CPU = Debug|Any CPU
		Release|Any CPU = Release|Any CPU
	EndGlobalSection
	GlobalSection(ProjectConfigurationPlatforms) = postSolution
		{31169FA0-0F0C-492E-88F3-ABFC74760571}.Debug|Any CPU.ActiveCfg = Debug|Any CPU
		{31169FA0-0F0C-492E-88F3-ABFC74760571}.Debug|Any CPU.Build.0 = Debug|Any CPU
		{31169FA0-0F0C-492E-88F3-ABFC74760571}.Release|Any CPU.ActiveCfg = Release|Any CPU
		{31169FA0-0F0C-492E-88F3-ABFC74760571}.Release|Any CPU.Build.0 = Release|Any CPU
	EndGlobalSection
	GlobalSection(SolutionProperties) = preSolution
		HideSolutionNode = FALSE
	EndGlobalSection
	GlobalSection(ExtensibilityGlobals) = postSolution
		SolutionGuid = {09C32CDB-FF2D-41B8-8631-C38A23FC886D}
	EndGlobalSection
EndGlobal
