
Microsoft Visual Studio Solution File, Format Version 12.00
# Visual Studio Version 16
VisualStudioVersion = 25.0.1703.2
MinimumVisualStudioVersion = 10.0.40219.1
Project("{FAE04EC0-301F-11D3-BF4B-00C04F79EFBC}") = "CTS", "CTS\CTS.csproj", "{F836BF06-57CA-4DD1-94C5-60ABB509BB1F}"
EndProject
Global
	GlobalSection(SolutionConfigurationPlatforms) = preSolution
		Debug|Any CPU = Debug|Any CPU
		Release|Any CPU = Release|Any CPU
	EndGlobalSection
	GlobalSection(ProjectConfigurationPlatforms) = postSolution
		{F836BF06-57CA-4DD1-94C5-60ABB509BB1F}.Debug|Any CPU.ActiveCfg = Debug|Any CPU
		{F836BF06-57CA-4DD1-94C5-60ABB509BB1F}.Debug|Any CPU.Build.0 = Debug|Any CPU
		{F836BF06-57CA-4DD1-94C5-60ABB509BB1F}.Release|Any CPU.ActiveCfg = Release|Any CPU
		{F836BF06-57CA-4DD1-94C5-60ABB509BB1F}.Release|Any CPU.Build.0 = Release|Any CPU
	EndGlobalSection
	GlobalSection(SolutionProperties) = preSolution
		HideSolutionNode = FALSE
	EndGlobalSection
	GlobalSection(ExtensibilityGlobals) = postSolution
		SolutionGuid = {14694331-EDD3-4E33-90DF-C46BB7B5757D}
	EndGlobalSection
EndGlobal
