
Microsoft Visual Studio Solution File, Format Version 12.00
# Visual Studio Version 16
VisualStudioVersion = 25.0.1703.2
MinimumVisualStudioVersion = 10.0.40219.1
Project("{FAE04EC0-301F-11D3-BF4B-00C04F79EFBC}") = "Constant", "Constant\Constant.csproj", "{097E6C23-46F2-40EC-B458-09AFA9A853C8}"
EndProject
Global
	GlobalSection(SolutionConfigurationPlatforms) = preSolution
		Debug|Any CPU = Debug|Any CPU
		Release|Any CPU = Release|Any CPU
	EndGlobalSection
	GlobalSection(ProjectConfigurationPlatforms) = postSolution
		{097E6C23-46F2-40EC-B458-09AFA9A853C8}.Debug|Any CPU.ActiveCfg = Debug|Any CPU
		{097E6C23-46F2-40EC-B458-09AFA9A853C8}.Debug|Any CPU.Build.0 = Debug|Any CPU
		{097E6C23-46F2-40EC-B458-09AFA9A853C8}.Release|Any CPU.ActiveCfg = Release|Any CPU
		{097E6C23-46F2-40EC-B458-09AFA9A853C8}.Release|Any CPU.Build.0 = Release|Any CPU
	EndGlobalSection
	GlobalSection(SolutionProperties) = preSolution
		HideSolutionNode = FALSE
	EndGlobalSection
	GlobalSection(ExtensibilityGlobals) = postSolution
		SolutionGuid = {99020FC8-5606-4800-B292-37855A7407CC}
	EndGlobalSection
EndGlobal
