
Microsoft Visual Studio Solution File, Format Version 12.00
# Visual Studio Version 17
VisualStudioVersion = 17.3.32929.385
MinimumVisualStudioVersion = 10.0.40219.1
Project("{FAE04EC0-301F-11D3-BF4B-00C04F79EFBC}") = "Record", "Record\Record.csproj", "{090EF928-4E5D-4045-A6A3-324576FA6CEA}"
EndProject
Global
	GlobalSection(SolutionConfigurationPlatforms) = preSolution
		Debug|Any CPU = Debug|Any CPU
		Release|Any CPU = Release|Any CPU
	EndGlobalSection
	GlobalSection(ProjectConfigurationPlatforms) = postSolution
		{090EF928-4E5D-4045-A6A3-324576FA6CEA}.Debug|Any CPU.ActiveCfg = Debug|Any CPU
		{090EF928-4E5D-4045-A6A3-324576FA6CEA}.Debug|Any CPU.Build.0 = Debug|Any CPU
		{090EF928-4E5D-4045-A6A3-324576FA6CEA}.Release|Any CPU.ActiveCfg = Release|Any CPU
		{090EF928-4E5D-4045-A6A3-324576FA6CEA}.Release|Any CPU.Build.0 = Release|Any CPU
	EndGlobalSection
	GlobalSection(SolutionProperties) = preSolution
		HideSolutionNode = FALSE
	EndGlobalSection
	GlobalSection(ExtensibilityGlobals) = postSolution
		SolutionGuid = {ED82D36D-4FAF-4A6E-BD52-75C54BD74512}
	EndGlobalSection
EndGlobal
