
Microsoft Visual Studio Solution File, Format Version 12.00
# Visual Studio Version 16
VisualStudioVersion = 25.0.1703.3
MinimumVisualStudioVersion = 10.0.40219.1
Project("{FAE04EC0-301F-11D3-BF4B-00C04F79EFBC}") = "StringConcatenate", "StringConcatenate\StringConcatenate.csproj", "{C2416DBB-214B-44BF-8ADD-CBC9B40C6467}"
EndProject
Global
	GlobalSection(SolutionConfigurationPlatforms) = preSolution
		Debug|Any CPU = Debug|Any CPU
		Release|Any CPU = Release|Any CPU
	EndGlobalSection
	GlobalSection(ProjectConfigurationPlatforms) = postSolution
		{C2416DBB-214B-44BF-8ADD-CBC9B40C6467}.Debug|Any CPU.ActiveCfg = Debug|Any CPU
		{C2416DBB-214B-44BF-8ADD-CBC9B40C6467}.Debug|Any CPU.Build.0 = Debug|Any CPU
		{C2416DBB-214B-44BF-8ADD-CBC9B40C6467}.Release|Any CPU.ActiveCfg = Release|Any CPU
		{C2416DBB-214B-44BF-8ADD-CBC9B40C6467}.Release|Any CPU.Build.0 = Release|Any CPU
	EndGlobalSection
	GlobalSection(SolutionProperties) = preSolution
		HideSolutionNode = FALSE
	EndGlobalSection
	GlobalSection(ExtensibilityGlobals) = postSolution
		SolutionGuid = {1BE4B97C-6A8E-4CCE-A28C-CE0EE3B05600}
	EndGlobalSection
EndGlobal
