
Microsoft Visual Studio Solution File, Format Version 12.00
# Visual Studio Version 16
VisualStudioVersion = 25.0.1703.3
MinimumVisualStudioVersion = 10.0.40219.1
Project("{FAE04EC0-301F-11D3-BF4B-00C04F79EFBC}") = "ConditionalOperator", "ConditionalOperator\ConditionalOperator.csproj", "{23501A64-A3BA-4005-976E-DCE4F5747A5C}"
EndProject
Global
	GlobalSection(SolutionConfigurationPlatforms) = preSolution
		Debug|Any CPU = Debug|Any CPU
		Release|Any CPU = Release|Any CPU
	EndGlobalSection
	GlobalSection(ProjectConfigurationPlatforms) = postSolution
		{23501A64-A3BA-4005-976E-DCE4F5747A5C}.Debug|Any CPU.ActiveCfg = Debug|Any CPU
		{23501A64-A3BA-4005-976E-DCE4F5747A5C}.Debug|Any CPU.Build.0 = Debug|Any CPU
		{23501A64-A3BA-4005-976E-DCE4F5747A5C}.Release|Any CPU.ActiveCfg = Release|Any CPU
		{23501A64-A3BA-4005-976E-DCE4F5747A5C}.Release|Any CPU.Build.0 = Release|Any CPU
	EndGlobalSection
	GlobalSection(SolutionProperties) = preSolution
		HideSolutionNode = FALSE
	EndGlobalSection
	GlobalSection(ExtensibilityGlobals) = postSolution
		SolutionGuid = {C34C75AA-2880-410B-830A-43D9F62FD046}
	EndGlobalSection
EndGlobal
