
Microsoft Visual Studio Solution File, Format Version 12.00
# Visual Studio Version 16
VisualStudioVersion = 25.0.1703.2
MinimumVisualStudioVersion = 10.0.40219.1
Project("{FAE04EC0-301F-11D3-BF4B-00C04F79EFBC}") = "Char", "Char\Char.csproj", "{7BD5E61D-9502-4E00-875C-158E7FD4B26D}"
EndProject
Global
	GlobalSection(SolutionConfigurationPlatforms) = preSolution
		Debug|Any CPU = Debug|Any CPU
		Release|Any CPU = Release|Any CPU
	EndGlobalSection
	GlobalSection(ProjectConfigurationPlatforms) = postSolution
		{7BD5E61D-9502-4E00-875C-158E7FD4B26D}.Debug|Any CPU.ActiveCfg = Debug|Any CPU
		{7BD5E61D-9502-4E00-875C-158E7FD4B26D}.Debug|Any CPU.Build.0 = Debug|Any CPU
		{7BD5E61D-9502-4E00-875C-158E7FD4B26D}.Release|Any CPU.ActiveCfg = Release|Any CPU
		{7BD5E61D-9502-4E00-875C-158E7FD4B26D}.Release|Any CPU.Build.0 = Release|Any CPU
	EndGlobalSection
	GlobalSection(SolutionProperties) = preSolution
		HideSolutionNode = FALSE
	EndGlobalSection
	GlobalSection(ExtensibilityGlobals) = postSolution
		SolutionGuid = {D2F9A1E2-EDD7-427C-83AA-7D2056B6F1C2}
	EndGlobalSection
EndGlobal
