
Microsoft Visual Studio Solution File, Format Version 12.00
# Visual Studio Version 16
VisualStudioVersion = 25.0.1703.3
MinimumVisualStudioVersion = 10.0.40219.1
Project("{FAE04EC0-301F-11D3-BF4B-00C04F79EFBC}") = "ReadonlyFields", "ReadonlyFields\ReadonlyFields.csproj", "{D9E3D348-05A1-4937-9D43-87EB0FD2D188}"
EndProject
Global
	GlobalSection(SolutionConfigurationPlatforms) = preSolution
		Debug|Any CPU = Debug|Any CPU
		Release|Any CPU = Release|Any CPU
	EndGlobalSection
	GlobalSection(ProjectConfigurationPlatforms) = postSolution
		{D9E3D348-05A1-4937-9D43-87EB0FD2D188}.Debug|Any CPU.ActiveCfg = Debug|Any CPU
		{D9E3D348-05A1-4937-9D43-87EB0FD2D188}.Debug|Any CPU.Build.0 = Debug|Any CPU
		{D9E3D348-05A1-4937-9D43-87EB0FD2D188}.Release|Any CPU.ActiveCfg = Release|Any CPU
		{D9E3D348-05A1-4937-9D43-87EB0FD2D188}.Release|Any CPU.Build.0 = Release|Any CPU
	EndGlobalSection
	GlobalSection(SolutionProperties) = preSolution
		HideSolutionNode = FALSE
	EndGlobalSection
	GlobalSection(ExtensibilityGlobals) = postSolution
		SolutionGuid = {C70E0C7F-23EE-48E3-ACD1-47E542CFFA8A}
	EndGlobalSection
EndGlobal
